
Microsoft Visual Studio Solution File, Format Version 12.00
# Visual Studio Version 16
VisualStudioVersion = 16.0.29721.120
MinimumVisualStudioVersion = 10.0.40219.1
Project("{FAE04EC0-301F-11D3-BF4B-00C04F79EFBC}") = "BlazotTestProtobufGrpc.Server", "BlazotTestProtobufGrpc\Server\BlazotTestProtobufGrpc.Server.csproj", "{6AB3B215-9260-496A-9E6B-AEB70740ACA0}"
EndProject
Project("{FAE04EC0-301F-11D3-BF4B-00C04F79EFBC}") = "BlazotTestProtobufGrpc.Client", "BlazotTestProtobufGrpc\Client\BlazotTestProtobufGrpc.Client.csproj", "{6F86FF20-4970-4006-A89E-5C53FF7CA0F2}"
EndProject
Project("{FAE04EC0-301F-11D3-BF4B-00C04F79EFBC}") = "BlazotTestProtobufGrpc.Shared", "BlazotTestProtobufGrpc\Shared\BlazotTestProtobufGrpc.Shared.csproj", "{6F7827D1-0F6F-4078-80B6-4480447C1375}"
EndProject
Global
	GlobalSection(SolutionConfigurationPlatforms) = preSolution
		Debug|Any CPU = Debug|Any CPU
		Release|Any CPU = Release|Any CPU
	EndGlobalSection
	GlobalSection(ProjectConfigurationPlatforms) = postSolution
		{6AB3B215-9260-496A-9E6B-AEB70740ACA0}.Debug|Any CPU.ActiveCfg = Debug|Any CPU
		{6AB3B215-9260-496A-9E6B-AEB70740ACA0}.Debug|Any CPU.Build.0 = Debug|Any CPU
		{6AB3B215-9260-496A-9E6B-AEB70740ACA0}.Release|Any CPU.ActiveCfg = Release|Any CPU
		{6AB3B215-9260-496A-9E6B-AEB70740ACA0}.Release|Any CPU.Build.0 = Release|Any CPU
		{6F86FF20-4970-4006-A89E-5C53FF7CA0F2}.Debug|Any CPU.ActiveCfg = Debug|Any CPU
		{6F86FF20-4970-4006-A89E-5C53FF7CA0F2}.Debug|Any CPU.Build.0 = Debug|Any CPU
		{6F86FF20-4970-4006-A89E-5C53FF7CA0F2}.Release|Any CPU.ActiveCfg = Release|Any CPU
		{6F86FF20-4970-4006-A89E-5C53FF7CA0F2}.Release|Any CPU.Build.0 = Release|Any CPU
		{6F7827D1-0F6F-4078-80B6-4480447C1375}.Debug|Any CPU.ActiveCfg = Debug|Any CPU
		{6F7827D1-0F6F-4078-80B6-4480447C1375}.Debug|Any CPU.Build.0 = Debug|Any CPU
		{6F7827D1-0F6F-4078-80B6-4480447C1375}.Release|Any CPU.ActiveCfg = Release|Any CPU
		{6F7827D1-0F6F-4078-80B6-4480447C1375}.Release|Any CPU.Build.0 = Release|Any CPU
	EndGlobalSection
	GlobalSection(SolutionProperties) = preSolution
		HideSolutionNode = FALSE
	EndGlobalSection
	GlobalSection(ExtensibilityGlobals) = postSolution
		SolutionGuid = {4001896D-A937-45C0-B995-1E5522535C1F}
	EndGlobalSection
EndGlobal
